
Microsoft Visual Studio Solution File, Format Version 12.00
# Visual Studio Version 17
VisualStudioVersion = 17.14.37502.11
MinimumVisualStudioVersion = 10.0.40219.1
Project("{8BC9CEB8-8B4A-11D0-8D11-00A0C91BC942}") = "EtherCatWrapper", "EtherCatWrapper.vcxproj", "{C49266A1-459A-4099-875C-CB0D3F8150F4}"
EndProject
Project("{8BC9CEB8-8B4A-11D0-8D11-00A0C91BC942}") = "SanityCheck", "..\SanityCheck\SanityCheck.vcxproj", "{CD87460A-D948-47DE-896A-CEF138D52C59}"
EndProject
Project("{FAE04EC0-301F-11D3-BF4B-00C04F79EFBC}") = "EtherCatDriver", "..\EtherCatDriver\EtherCatDriver.csproj", "{59AE125D-ACA1-41DB-9F78-23ECBFB5E5BC}"
EndProject
Global
	GlobalSection(SolutionConfigurationPlatforms) = preSolution
		Debug|Any CPU = Debug|Any CPU
		Debug|x64 = Debug|x64
		Debug|x86 = Debug|x86
		Release|Any CPU = Release|Any CPU
		Release|x64 = Release|x64
		Release|x86 = Release|x86
	EndGlobalSection
	GlobalSection(ProjectConfigurationPlatforms) = postSolution
		{C49266A1-459A-4099-875C-CB0D3F8150F4}.Debug|Any CPU.ActiveCfg = Debug|x64
		{C49266A1-459A-4099-875C-CB0D3F8150F4}.Debug|Any CPU.Build.0 = Debug|x64
		{C49266A1-459A-4099-875C-CB0D3F8150F4}.Debug|x64.ActiveCfg = Debug|x64
		{C49266A1-459A-4099-875C-CB0D3F8150F4}.Debug|x64.Build.0 = Debug|x64
		{C49266A1-459A-4099-875C-CB0D3F8150F4}.Debug|x86.ActiveCfg = Debug|Win32
		{C49266A1-459A-4099-875C-CB0D3F8150F4}.Debug|x86.Build.0 = Debug|Win32
		{C49266A1-459A-4099-875C-CB0D3F8150F4}.Release|Any CPU.ActiveCfg = Release|x64
		{C49266A1-459A-4099-875C-CB0D3F8150F4}.Release|Any CPU.Build.0 = Release|x64
		{C49266A1-459A-4099-875C-CB0D3F8150F4}.Release|x64.ActiveCfg = Release|x64
		{C49266A1-459A-4099-875C-CB0D3F8150F4}.Release|x64.Build.0 = Release|x64
		{C49266A1-459A-4099-875C-CB0D3F8150F4}.Release|x86.ActiveCfg = Release|Win32
		{C49266A1-459A-4099-875C-CB0D3F8150F4}.Release|x86.Build.0 = Release|Win32
		{CD87460A-D948-47DE-896A-CEF138D52C59}.Debug|Any CPU.ActiveCfg = Debug|x64
		{CD87460A-D948-47DE-896A-CEF138D52C59}.Debug|Any CPU.Build.0 = Debug|x64
		{CD87460A-D948-47DE-896A-CEF138D52C59}.Debug|x64.ActiveCfg = Debug|x64
		{CD87460A-D948-47DE-896A-CEF138D52C59}.Debug|x64.Build.0 = Debug|x64
		{CD87460A-D948-47DE-896A-CEF138D52C59}.Debug|x86.ActiveCfg = Debug|Win32
		{CD87460A-D948-47DE-896A-CEF138D52C59}.Debug|x86.Build.0 = Debug|Win32
		{CD87460A-D948-47DE-896A-CEF138D52C59}.Release|Any CPU.ActiveCfg = Release|x64
		{CD87460A-D948-47DE-896A-CEF138D52C59}.Release|Any CPU.Build.0 = Release|x64
		{CD87460A-D948-47DE-896A-CEF138D52C59}.Release|x64.ActiveCfg = Release|x64
		{CD87460A-D948-47DE-896A-CEF138D52C59}.Release|x64.Build.0 = Release|x64
		{CD87460A-D948-47DE-896A-CEF138D52C59}.Release|x86.ActiveCfg = Release|Win32
		{CD87460A-D948-47DE-896A-CEF138D52C59}.Release|x86.Build.0 = Release|Win32
		{59AE125D-ACA1-41DB-9F78-23ECBFB5E5BC}.Debug|Any CPU.ActiveCfg = Debug|Any CPU
		{59AE125D-ACA1-41DB-9F78-23ECBFB5E5BC}.Debug|Any CPU.Build.0 = Debug|Any CPU
		{59AE125D-ACA1-41DB-9F78-23ECBFB5E5BC}.Debug|x64.ActiveCfg = Debug|Any CPU
		{59AE125D-ACA1-41DB-9F78-23ECBFB5E5BC}.Debug|x64.Build.0 = Debug|Any CPU
		{59AE125D-ACA1-41DB-9F78-23ECBFB5E5BC}.Debug|x86.ActiveCfg = Debug|Any CPU
		{59AE125D-ACA1-41DB-9F78-23ECBFB5E5BC}.Debug|x86.Build.0 = Debug|Any CPU
		{59AE125D-ACA1-41DB-9F78-23ECBFB5E5BC}.Release|Any CPU.ActiveCfg = Release|Any CPU
		{59AE125D-ACA1-41DB-9F78-23ECBFB5E5BC}.Release|Any CPU.Build.0 = Release|Any CPU
		{59AE125D-ACA1-41DB-9F78-23ECBFB5E5BC}.Release|x64.ActiveCfg = Release|Any CPU
		{59AE125D-ACA1-41DB-9F78-23ECBFB5E5BC}.Release|x64.Build.0 = Release|Any CPU
		{59AE125D-ACA1-41DB-9F78-23ECBFB5E5BC}.Release|x86.ActiveCfg = Release|Any CPU
		{59AE125D-ACA1-41DB-9F78-23ECBFB5E5BC}.Release|x86.Build.0 = Release|Any CPU
	EndGlobalSection
	GlobalSection(SolutionProperties) = preSolution
		HideSolutionNode = FALSE
	EndGlobalSection
	GlobalSection(ExtensibilityGlobals) = postSolution
		SolutionGuid = {F6406C50-9D8B-4932-96C0-CDBE9774B977}
	EndGlobalSection
EndGlobal
